
Microsoft Visual Studio Solution File, Format Version 12.00
# Visual Studio 15
VisualStudioVersion = 15.0.26730.12
MinimumVisualStudioVersion = 10.0.40219.1
Project("{FAE04EC0-301F-11D3-BF4B-00C04F79EFBC}") = "DemoEntityFrameWork", "DemoEntityFrameWork\DemoEntityFrameWork.csproj", "{B4DE9AFE-0308-4546-84CD-BA3606FEE06F}"
EndProject
Global
	GlobalSection(SolutionConfigurationPlatforms) = preSolution
		Debug|Any CPU = Debug|Any CPU
		Release|Any CPU = Release|Any CPU
	EndGlobalSection
	GlobalSection(ProjectConfigurationPlatforms) = postSolution
		{B4DE9AFE-0308-4546-84CD-BA3606FEE06F}.Debug|Any CPU.ActiveCfg = Debug|Any CPU
		{B4DE9AFE-0308-4546-84CD-BA3606FEE06F}.Debug|Any CPU.Build.0 = Debug|Any CPU
		{B4DE9AFE-0308-4546-84CD-BA3606FEE06F}.Release|Any CPU.ActiveCfg = Release|Any CPU
		{B4DE9AFE-0308-4546-84CD-BA3606FEE06F}.Release|Any CPU.Build.0 = Release|Any CPU
	EndGlobalSection
	GlobalSection(SolutionProperties) = preSolution
		HideSolutionNode = FALSE
	EndGlobalSection
	GlobalSection(ExtensibilityGlobals) = postSolution
		SolutionGuid = {2511E715-2868-4FE9-8127-0679D45EFF83}
	EndGlobalSection
EndGlobal
